
Microsoft Visual Studio Solution File, Format Version 10.00
# Visual Studio 2008
Project("{FAE04EC0-301F-11D3-BF4B-00C04F79EFBC}") = "SDEBackup", "SDEBackup\SDEBackup.csproj", "{0D1E48AA-C883-4DEB-BD2E-2E95DF6F0E9D}"
EndProject
Global
	GlobalSection(SolutionConfigurationPlatforms) = preSolution
		Debug|Any CPU = Debug|Any CPU
		Release|Any CPU = Release|Any CPU
	EndGlobalSection
	GlobalSection(ProjectConfigurationPlatforms) = postSolution
		{0D1E48AA-C883-4DEB-BD2E-2E95DF6F0E9D}.Debug|Any CPU.ActiveCfg = Debug|Any CPU
		{0D1E48AA-C883-4DEB-BD2E-2E95DF6F0E9D}.Debug|Any CPU.Build.0 = Debug|Any CPU
		{0D1E48AA-C883-4DEB-BD2E-2E95DF6F0E9D}.Release|Any CPU.ActiveCfg = Release|Any CPU
		{0D1E48AA-C883-4DEB-BD2E-2E95DF6F0E9D}.Release|Any CPU.Build.0 = Release|Any CPU
	EndGlobalSection
	GlobalSection(SolutionProperties) = preSolution
		HideSolutionNode = FALSE
	EndGlobalSection
EndGlobal
