
Microsoft Visual Studio Solution File, Format Version 10.00
# Visual Studio 2008
Project("{FAE04EC0-301F-11D3-BF4B-00C04F79EFBC}") = "SDEConfiguracoes", "SDEConfiguracoes\SDEConfiguracoes.csproj", "{67065D8E-EE81-4C68-BADC-BC9BEBB7F83E}"
EndProject
Global
	GlobalSection(SolutionConfigurationPlatforms) = preSolution
		Debug|Any CPU = Debug|Any CPU
		Release|Any CPU = Release|Any CPU
	EndGlobalSection
	GlobalSection(ProjectConfigurationPlatforms) = postSolution
		{67065D8E-EE81-4C68-BADC-BC9BEBB7F83E}.Debug|Any CPU.ActiveCfg = Debug|Any CPU
		{67065D8E-EE81-4C68-BADC-BC9BEBB7F83E}.Debug|Any CPU.Build.0 = Debug|Any CPU
		{67065D8E-EE81-4C68-BADC-BC9BEBB7F83E}.Release|Any CPU.ActiveCfg = Release|Any CPU
		{67065D8E-EE81-4C68-BADC-BC9BEBB7F83E}.Release|Any CPU.Build.0 = Release|Any CPU
	EndGlobalSection
	GlobalSection(SolutionProperties) = preSolution
		HideSolutionNode = FALSE
	EndGlobalSection
EndGlobal
